
Microsoft Visual Studio Solution File, Format Version 12.00
# Visual Studio 14
VisualStudioVersion = 14.0.25420.1
MinimumVisualStudioVersion = 10.0.40219.1
Project("{FAE04EC0-301F-11D3-BF4B-00C04F79EFBC}") = "MongoDbTest", "MongoDbTest\MongoDbTest.csproj", "{1B87E685-C74E-4923-B81F-9FE35D52534E}"
EndProject
Project("{FAE04EC0-301F-11D3-BF4B-00C04F79EFBC}") = "Models", "Models\Models.csproj", "{4EFF8E2E-0A2B-461A-8000-597557B9420F}"
EndProject
Project("{FAE04EC0-301F-11D3-BF4B-00C04F79EFBC}") = "Common", "Common\Common.csproj", "{846AA7CF-C3A8-4DD5-98F2-DC1DCD4412B2}"
EndProject
Project("{FAE04EC0-301F-11D3-BF4B-00C04F79EFBC}") = "Infrastructure", "Infrastructure\Infrastructure.csproj", "{E5959632-FFCC-417D-BF99-6D57EB5E0CDE}"
EndProject
Global
	GlobalSection(SolutionConfigurationPlatforms) = preSolution
		Debug|Any CPU = Debug|Any CPU
		Release|Any CPU = Release|Any CPU
	EndGlobalSection
	GlobalSection(ProjectConfigurationPlatforms) = postSolution
		{1B87E685-C74E-4923-B81F-9FE35D52534E}.Debug|Any CPU.ActiveCfg = Debug|Any CPU
		{1B87E685-C74E-4923-B81F-9FE35D52534E}.Debug|Any CPU.Build.0 = Debug|Any CPU
		{1B87E685-C74E-4923-B81F-9FE35D52534E}.Release|Any CPU.ActiveCfg = Release|Any CPU
		{1B87E685-C74E-4923-B81F-9FE35D52534E}.Release|Any CPU.Build.0 = Release|Any CPU
		{4EFF8E2E-0A2B-461A-8000-597557B9420F}.Debug|Any CPU.ActiveCfg = Debug|Any CPU
		{4EFF8E2E-0A2B-461A-8000-597557B9420F}.Debug|Any CPU.Build.0 = Debug|Any CPU
		{4EFF8E2E-0A2B-461A-8000-597557B9420F}.Release|Any CPU.ActiveCfg = Release|Any CPU
		{4EFF8E2E-0A2B-461A-8000-597557B9420F}.Release|Any CPU.Build.0 = Release|Any CPU
		{846AA7CF-C3A8-4DD5-98F2-DC1DCD4412B2}.Debug|Any CPU.ActiveCfg = Debug|Any CPU
		{846AA7CF-C3A8-4DD5-98F2-DC1DCD4412B2}.Debug|Any CPU.Build.0 = Debug|Any CPU
		{846AA7CF-C3A8-4DD5-98F2-DC1DCD4412B2}.Release|Any CPU.ActiveCfg = Release|Any CPU
		{846AA7CF-C3A8-4DD5-98F2-DC1DCD4412B2}.Release|Any CPU.Build.0 = Release|Any CPU
		{E5959632-FFCC-417D-BF99-6D57EB5E0CDE}.Debug|Any CPU.ActiveCfg = Debug|Any CPU
		{E5959632-FFCC-417D-BF99-6D57EB5E0CDE}.Debug|Any CPU.Build.0 = Debug|Any CPU
		{E5959632-FFCC-417D-BF99-6D57EB5E0CDE}.Release|Any CPU.ActiveCfg = Release|Any CPU
		{E5959632-FFCC-417D-BF99-6D57EB5E0CDE}.Release|Any CPU.Build.0 = Release|Any CPU
	EndGlobalSection
	GlobalSection(SolutionProperties) = preSolution
		HideSolutionNode = FALSE
	EndGlobalSection
EndGlobal
